
Microsoft Visual Studio Solution File, Format Version 12.00
# Visual Studio Version 16
VisualStudioVersion = 16.0.30611.23
MinimumVisualStudioVersion = 10.0.40219.1
Project("{FAE04EC0-301F-11D3-BF4B-00C04F79EFBC}") = "Sesli Asistan", "Sesli Asistan.csproj", "{1B5DDF25-8535-406F-A97F-6771C78D3FB3}"
EndProject
Global
	GlobalSection(SolutionConfigurationPlatforms) = preSolution
		Debug|Any CPU = Debug|Any CPU
		Release|Any CPU = Release|Any CPU
	EndGlobalSection
	GlobalSection(ProjectConfigurationPlatforms) = postSolution
		{1B5DDF25-8535-406F-A97F-6771C78D3FB3}.Debug|Any CPU.ActiveCfg = Debug|Any CPU
		{1B5DDF25-8535-406F-A97F-6771C78D3FB3}.Debug|Any CPU.Build.0 = Debug|Any CPU
		{1B5DDF25-8535-406F-A97F-6771C78D3FB3}.Release|Any CPU.ActiveCfg = Release|Any CPU
		{1B5DDF25-8535-406F-A97F-6771C78D3FB3}.Release|Any CPU.Build.0 = Release|Any CPU
	EndGlobalSection
	GlobalSection(SolutionProperties) = preSolution
		HideSolutionNode = FALSE
	EndGlobalSection
	GlobalSection(ExtensibilityGlobals) = postSolution
		SolutionGuid = {08FC639B-234B-4BB5-87FA-B38E8E991347}
	EndGlobalSection
EndGlobal
